// !$*UTF8*$!
{
	archiveVersion = 1;
	classes = {
	};
	objectVersion = 50;
	objects = {

/* Begin PBXBuildFile section */
		1019D1C22A89A6220075983B /* Locationhistory+CoreDataClass.swift in Sources */ = {isa = PBXBuildFile; fileRef = 1019D1C02A89A6220075983B /* Locationhistory+CoreDataClass.swift */; };
		1019D1C32A89A6220075983B /* Locationhistory+CoreDataProperties.swift in Sources */ = {isa = PBXBuildFile; fileRef = 1019D1C12A89A6220075983B /* Locationhistory+CoreDataProperties.swift */; };
		102E947C2A896B87004BDDB2 /* History.swift in Sources */ = {isa = PBXBuildFile; fileRef = 102E947B2A896B87004BDDB2 /* History.swift */; };
		104E31352A883D3F000844CF /* Map_Scene.swift in Sources */ = {isa = PBXBuildFile; fileRef = 104E31342A883D3F000844CF /* Map_Scene.swift */; };
		10529E722A8424B600DBC28F /* Main.swift in Sources */ = {isa = PBXBuildFile; fileRef = 10529E712A8424B600DBC28F /* Main.swift */; };
		10529E782A8425E400DBC28F /* Weather.swift in Sources */ = {isa = PBXBuildFile; fileRef = 10529E772A8425E400DBC28F /* Weather.swift */; };
		105C4BFD2A82C9E30087F36F /* AppDelegate.swift in Sources */ = {isa = PBXBuildFile; fileRef = 105C4BFC2A82C9E30087F36F /* AppDelegate.swift */; };
		105C4BFF2A82C9E30087F36F /* SceneDelegate.swift in Sources */ = {isa = PBXBuildFile; fileRef = 105C4BFE2A82C9E30087F36F /* SceneDelegate.swift */; };
		105C4C042A82C9E30087F36F /* Main.storyboard in Resources */ = {isa = PBXBuildFile; fileRef = 105C4C022A82C9E30087F36F /* Main.storyboard */; };
		105C4C072A82C9E30087F36F /* Muhammad_Siddiqui_FE_8939717.xcdatamodeld in Sources */ = {isa = PBXBuildFile; fileRef = 105C4C052A82C9E30087F36F /* Muhammad_Siddiqui_FE_8939717.xcdatamodeld */; };
		105C4C092A82C9E40087F36F /* Assets.xcassets in Resources */ = {isa = PBXBuildFile; fileRef = 105C4C082A82C9E40087F36F /* Assets.xcassets */; };
		105C4C0C2A82C9E40087F36F /* LaunchScreen.storyboard in Resources */ = {isa = PBXBuildFile; fileRef = 105C4C0A2A82C9E40087F36F /* LaunchScreen.storyboard */; };
/* End PBXBuildFile section */

/* Begin PBXFileReference section */
		1019D1C02A89A6220075983B /* Locationhistory+CoreDataClass.swift */ = {isa = PBXFileReference; lastKnownFileType = sourcecode.swift; path = "Locationhistory+CoreDataClass.swift"; sourceTree = "<group>"; };
		1019D1C12A89A6220075983B /* Locationhistory+CoreDataProperties.swift */ = {isa = PBXFileReference; lastKnownFileType = sourcecode.swift; path = "Locationhistory+CoreDataProperties.swift"; sourceTree = "<group>"; };
		102E947B2A896B87004BDDB2 /* History.swift */ = {isa = PBXFileReference; lastKnownFileType = sourcecode.swift; path = History.swift; sourceTree = "<group>"; };
		104E31342A883D3F000844CF /* Map_Scene.swift */ = {isa = PBXFileReference; lastKnownFileType = sourcecode.swift; path = Map_Scene.swift; sourceTree = "<group>"; };
		10529E712A8424B600DBC28F /* Main.swift */ = {isa = PBXFileReference; lastKnownFileType = sourcecode.swift; path = Main.swift; sourceTree = "<group>"; };
		10529E772A8425E400DBC28F /* Weather.swift */ = {isa = PBXFileReference; lastKnownFileType = sourcecode.swift; path = Weather.swift; sourceTree = "<group>"; };
		105C4BF92A82C9E30087F36F /* Muhammad_Siddiqui_FE_8939717.app */ = {isa = PBXFileReference; explicitFileType = wrapper.application; includeInIndex = 0; path = Muhammad_Siddiqui_FE_8939717.app; sourceTree = BUILT_PRODUCTS_DIR; };
		105C4BFC2A82C9E30087F36F /* AppDelegate.swift */ = {isa = PBXFileReference; lastKnownFileType = sourcecode.swift; path = AppDelegate.swift; sourceTree = "<group>"; };
		105C4BFE2A82C9E30087F36F /* SceneDelegate.swift */ = {isa = PBXFileReference; lastKnownFileType = sourcecode.swift; path = SceneDelegate.swift; sourceTree = "<group>"; };
		105C4C032A82C9E30087F36F /* Base */ = {isa = PBXFileReference; lastKnownFileType = file.storyboard; name = Base; path = Base.lproj/Main.storyboard; sourceTree = "<group>"; };
		105C4C062A82C9E30087F36F /* Muhammad_Siddiqui_FE_8939717.xcdatamodel */ = {isa = PBXFileReference; lastKnownFileType = wrapper.xcdatamodel; path = Muhammad_Siddiqui_FE_8939717.xcdatamodel; sourceTree = "<group>"; };
		105C4C082A82C9E40087F36F /* Assets.xcassets */ = {isa = PBXFileReference; lastKnownFileType = folder.assetcatalog; path = Assets.xcassets; sourceTree = "<group>"; };
		105C4C0B2A82C9E40087F36F /* Base */ = {isa = PBXFileReference; lastKnownFileType = file.storyboard; name = Base; path = Base.lproj/LaunchScreen.storyboard; sourceTree = "<group>"; };
		105C4C0D2A82C9E40087F36F /* Info.plist */ = {isa = PBXFileReference; lastKnownFileType = text.plist.xml; path = Info.plist; sourceTree = "<group>"; };
/* End PBXFileReference section */

/* Begin PBXFrameworksBuildPhase section */
		105C4BF62A82C9E30087F36F /* Frameworks */ = {
			isa = PBXFrameworksBuildPhase;
			buildActionMask = 2147483647;
			files = (
			);
			runOnlyForDeploymentPostprocessing = 0;
		};
/* End PBXFrameworksBuildPhase section */

/* Begin PBXGroup section */
		105C4BF02A82C9E30087F36F = {
			isa = PBXGroup;
			children = (
				1019D1C02A89A6220075983B /* Locationhistory+CoreDataClass.swift */,
				1019D1C12A89A6220075983B /* Locationhistory+CoreDataProperties.swift */,
				105C4BFB2A82C9E30087F36F /* Muhammad_Siddiqui_FE_8939717 */,
				105C4BFA2A82C9E30087F36F /* Products */,
			);
			sourceTree = "<group>";
		};
		105C4BFA2A82C9E30087F36F /* Products */ = {
			isa = PBXGroup;
			children = (
				105C4BF92A82C9E30087F36F /* Muhammad_Siddiqui_FE_8939717.app */,
			);
			name = Products;
			sourceTree = "<group>";
		};
		105C4BFB2A82C9E30087F36F /* Muhammad_Siddiqui_FE_8939717 */ = {
			isa = PBXGroup;
			children = (
				105C4BFC2A82C9E30087F36F /* AppDelegate.swift */,
				105C4BFE2A82C9E30087F36F /* SceneDelegate.swift */,
				105C4C022A82C9E30087F36F /* Main.storyboard */,
				102E947B2A896B87004BDDB2 /* History.swift */,
				10529E772A8425E400DBC28F /* Weather.swift */,
				104E31342A883D3F000844CF /* Map_Scene.swift */,
				10529E712A8424B600DBC28F /* Main.swift */,
				105C4C082A82C9E40087F36F /* Assets.xcassets */,
				105C4C0A2A82C9E40087F36F /* LaunchScreen.storyboard */,
				105C4C0D2A82C9E40087F36F /* Info.plist */,
				105C4C052A82C9E30087F36F /* Muhammad_Siddiqui_FE_8939717.xcdatamodeld */,
			);
			path = Muhammad_Siddiqui_FE_8939717;
			sourceTree = "<group>";
		};
/* End PBXGroup section */

/* Begin PBXNativeTarget section */
		105C4BF82A82C9E30087F36F /* Muhammad_Siddiqui_FE_8939717 */ = {
			isa = PBXNativeTarget;
			buildConfigurationList = 105C4C102A82C9E40087F36F /* Build configuration list for PBXNativeTarget "Muhammad_Siddiqui_FE_8939717" */;
			buildPhases = (
				105C4BF52A82C9E30087F36F /* Sources */,
				105C4BF62A82C9E30087F36F /* Frameworks */,
				105C4BF72A82C9E30087F36F /* Resources */,
			);
			buildRules = (
			);
			dependencies = (
			);
			name = Muhammad_Siddiqui_FE_8939717;
			productName = Muhammad_Siddiqui_FE_8939717;
			productReference = 105C4BF92A82C9E30087F36F /* Muhammad_Siddiqui_FE_8939717.app */;
			productType = "com.apple.product-type.application";
		};
/* End PBXNativeTarget section */

/* Begin PBXProject section */
		105C4BF12A82C9E30087F36F /* Project object */ = {
			isa = PBXProject;
			attributes = {
				LastSwiftUpdateCheck = 1240;
				LastUpgradeCheck = 1240;
				TargetAttributes = {
					105C4BF82A82C9E30087F36F = {
						CreatedOnToolsVersion = 12.4;
					};
				};
			};
			buildConfigurationList = 105C4BF42A82C9E30087F36F /* Build configuration list for PBXProject "Muhammad_Siddiqui_FE_8939717" */;
			compatibilityVersion = "Xcode 9.3";
			developmentRegion = en;
			hasScannedForEncodings = 0;
			knownRegions = (
				en,
				Base,
			);
			mainGroup = 105C4BF02A82C9E30087F36F;
			productRefGroup = 105C4BFA2A82C9E30087F36F /* Products */;
			projectDirPath = "";
			projectRoot = "";
			targets = (
				105C4BF82A82C9E30087F36F /* Muhammad_Siddiqui_FE_8939717 */,
			);
		};
/* End PBXProject section */

/* Begin PBXResourcesBuildPhase section */
		105C4BF72A82C9E30087F36F /* Resources */ = {
			isa = PBXResourcesBuildPhase;
			buildActionMask = 2147483647;
			files = (
				105C4C0C2A82C9E40087F36F /* LaunchScreen.storyboard in Resources */,
				105C4C092A82C9E40087F36F /* Assets.xcassets in Resources */,
				105C4C042A82C9E30087F36F /* Main.storyboard in Resources */,
			);
			runOnlyForDeploymentPostprocessing = 0;
		};
/* End PBXResourcesBuildPhase section */

/* Begin PBXSourcesBuildPhase section */
		105C4BF52A82C9E30087F36F /* Sources */ = {
			isa = PBXSourcesBuildPhase;
			buildActionMask = 2147483647;
			files = (
				10529E722A8424B600DBC28F /* Main.swift in Sources */,
				104E31352A883D3F000844CF /* Map_Scene.swift in Sources */,
				102E947C2A896B87004BDDB2 /* History.swift in Sources */,
				105C4BFD2A82C9E30087F36F /* AppDelegate.swift in Sources */,
				105C4BFF2A82C9E30087F36F /* SceneDelegate.swift in Sources */,
				1019D1C22A89A6220075983B /* Locationhistory+CoreDataClass.swift in Sources */,
				105C4C072A82C9E30087F36F /* Muhammad_Siddiqui_FE_8939717.xcdatamodeld in Sources */,
				10529E782A8425E400DBC28F /* Weather.swift in Sources */,
				1019D1C32A89A6220075983B /* Locationhistory+CoreDataProperties.swift in Sources */,
			);
			runOnlyForDeploymentPostprocessing = 0;
		};
/* End PBXSourcesBuildPhase section */

/* Begin PBXVariantGroup section */
		105C4C022A82C9E30087F36F /* Main.storyboard */ = {
			isa = PBXVariantGroup;
			children = (
				105C4C032A82C9E30087F36F /* Base */,
			);
			name = Main.storyboard;
			sourceTree = "<group>";
		};
		105C4C0A2A82C9E40087F36F /* LaunchScreen.storyboard */ = {
			isa = PBXVariantGroup;
			children = (
				105C4C0B2A82C9E40087F36F /* Base */,
			);
			name = LaunchScreen.storyboard;
			sourceTree = "<group>";
		};
/* End PBXVariantGroup section */

/* Begin XCBuildConfiguration section */
		105C4C0E2A82C9E40087F36F /* Debug */ = {
			isa = XCBuildConfiguration;
			buildSettings = {
				ALWAYS_SEARCH_USER_PATHS = NO;
				CLANG_ANALYZER_NONNULL = YES;
				CLANG_ANALYZER_NUMBER_OBJECT_CONVERSION = YES_AGGRESSIVE;
				CLANG_CXX_LANGUAGE_STANDARD = "gnu++14";
				CLANG_CXX_LIBRARY = "libc++";
				CLANG_ENABLE_MODULES = YES;
				CLANG_ENABLE_OBJC_ARC = YES;
				CLANG_ENABLE_OBJC_WEAK = YES;
				CLANG_WARN_BLOCK_CAPTURE_AUTORELEASING = YES;
				CLANG_WARN_BOOL_CONVERSION = YES;
				CLANG_WARN_COMMA = YES;
				CLANG_WARN_CONSTANT_CONVERSION = YES;
				CLANG_WARN_DEPRECATED_OBJC_IMPLEMENTATIONS = YES;
				CLANG_WARN_DIRECT_OBJC_ISA_USAGE = YES_ERROR;
				CLANG_WARN_DOCUMENTATION_COMMENTS = YES;
				CLANG_WARN_EMPTY_BODY = YES;
				CLANG_WARN_ENUM_CONVERSION = YES;
				CLANG_WARN_INFINITE_RECURSION = YES;
				CLANG_WARN_INT_CONVERSION = YES;
				CLANG_WARN_NON_LITERAL_NULL_CONVERSION = YES;
				CLANG_WARN_OBJC_IMPLICIT_RETAIN_SELF = YES;
				CLANG_WARN_OBJC_LITERAL_CONVERSION = YES;
				CLANG_WARN_OBJC_ROOT_CLASS = YES_ERROR;
				CLANG_WARN_QUOTED_INCLUDE_IN_FRAMEWORK_HEADER = YES;
				CLANG_WARN_RANGE_LOOP_ANALYSIS = YES;
				CLANG_WARN_STRICT_PROTOTYPES = YES;
				CLANG_WARN_SUSPICIOUS_MOVE = YES;
				CLANG_WARN_UNGUARDED_AVAILABILITY = YES_AGGRESSIVE;
				CLANG_WARN_UNREACHABLE_CODE = YES;
				CLANG_WARN__DUPLICATE_METHOD_MATCH = YES;
				COPY_PHASE_STRIP = NO;
				DEBUG_INFORMATION_FORMAT = dwarf;
				ENABLE_STRICT_OBJC_MSGSEND = YES;
				ENABLE_TESTABILITY = YES;
				GCC_C_LANGUAGE_STANDARD = gnu11;
				GCC_DYNAMIC_NO_PIC = NO;
				GCC_NO_COMMON_BLOCKS = YES;
				GCC_OPTIMIZATION_LEVEL = 0;
				GCC_PREPROCESSOR_DEFINITIONS = (
					"DEBUG=1",
					"$(inherited)",
				);
				GCC_WARN_64_TO_32_BIT_CONVERSION = YES;
				GCC_WARN_ABOUT_RETURN_TYPE = YES_ERROR;
				GCC_WARN_UNDECLARED_SELECTOR = YES;
				GCC_WARN_UNINITIALIZED_AUTOS = YES_AGGRESSIVE;
				GCC_WARN_UNUSED_FUNCTION = YES;
				GCC_WARN_UNUSED_VARIABLE = YES;
				IPHONEOS_DEPLOYMENT_TARGET = 14.4;
				MTL_ENABLE_DEBUG_INFO = INCLUDE_SOURCE;
				MTL_FAST_MATH = YES;
				ONLY_ACTIVE_ARCH = YES;
				SDKROOT = iphoneos;
				SWIFT_ACTIVE_COMPILATION_CONDITIONS = DEBUG;
				SWIFT_OPTIMIZATION_LEVEL = "-Onone";
			};
			name = Debug;
		};
		105C4C0F2A82C9E40087F36F /* Release */ = {
			isa = XCBuildConfiguration;
			buildSettings = {
				ALWAYS_SEARCH_USER_PATHS = NO;
				CLANG_ANALYZER_NONNULL = YES;
				CLANG_ANALYZER_NUMBER_OBJECT_CONVERSION = YES_AGGRESSIVE;
				CLANG_CXX_LANGUAGE_STANDARD = "gnu++14";
				CLANG_CXX_LIBRARY = "libc++";
				CLANG_ENABLE_MODULES = YES;
				CLANG_ENABLE_OBJC_ARC = YES;
				CLANG_ENABLE_OBJC_WEAK = YES;
				CLANG_WARN_BLOCK_CAPTURE_AUTORELEASING = YES;
				CLANG_WARN_BOOL_CONVERSION = YES;
				CLANG_WARN_COMMA = YES;
				CLANG_WARN_CONSTANT_CONVERSION = YES;
				CLANG_WARN_DEPRECATED_OBJC_IMPLEMENTATIONS = YES;
				CLANG_WARN_DIRECT_OBJC_ISA_USAGE = YES_ERROR;
				CLANG_WARN_DOCUMENTATION_COMMENTS = YES;
				CLANG_WARN_EMPTY_BODY = YES;
				CLANG_WARN_ENUM_CONVERSION = YES;
				CLANG_WARN_INFINITE_RECURSION = YES;
				CLANG_WARN_INT_CONVERSION = YES;
				CLANG_WARN_NON_LITERAL_NULL_CONVERSION = YES;
				CLANG_WARN_OBJC_IMPLICIT_RETAIN_SELF = YES;
				CLANG_WARN_OBJC_LITERAL_CONVERSION = YES;
				CLANG_WARN_OBJC_ROOT_CLASS = YES_ERROR;
				CLANG_WARN_QUOTED_INCLUDE_IN_FRAMEWORK_HEADER = YES;
				CLANG_WARN_RANGE_LOOP_ANALYSIS = YES;
				CLANG_WARN_STRICT_PROTOTYPES = YES;
				CLANG_WARN_SUSPICIOUS_MOVE = YES;
				CLANG_WARN_UNGUARDED_AVAILABILITY = YES_AGGRESSIVE;
				CLANG_WARN_UNREACHABLE_CODE = YES;
				CLANG_WARN__DUPLICATE_METHOD_MATCH = YES;
				COPY_PHASE_STRIP = NO;
				DEBUG_INFORMATION_FORMAT = "dwarf-with-dsym";
				ENABLE_NS_ASSERTIONS = NO;
				ENABLE_STRICT_OBJC_MSGSEND = YES;
				GCC_C_LANGUAGE_STANDARD = gnu11;
				GCC_NO_COMMON_BLOCKS = YES;
				GCC_WARN_64_TO_32_BIT_CONVERSION = YES;
				GCC_WARN_ABOUT_RETURN_TYPE = YES_ERROR;
				GCC_WARN_UNDECLARED_SELECTOR = YES;
				GCC_WARN_UNINITIALIZED_AUTOS = YES_AGGRESSIVE;
				GCC_WARN_UNUSED_FUNCTION = YES;
				GCC_WARN_UNUSED_VARIABLE = YES;
				IPHONEOS_DEPLOYMENT_TARGET = 14.4;
				MTL_ENABLE_DEBUG_INFO = NO;
				MTL_FAST_MATH = YES;
				SDKROOT = iphoneos;
				SWIFT_COMPILATION_MODE = wholemodule;
				SWIFT_OPTIMIZATION_LEVEL = "-O";
				VALIDATE_PRODUCT = YES;
			};
			name = Release;
		};
		105C4C112A82C9E40087F36F /* Debug */ = {
			isa = XCBuildConfiguration;
			buildSettings = {
				ASSETCATALOG_COMPILER_APPICON_NAME = AppIcon;
				ASSETCATALOG_COMPILER_GLOBAL_ACCENT_COLOR_NAME = AccentColor;
				CODE_SIGN_STYLE = Automatic;
				INFOPLIST_FILE = Muhammad_Siddiqui_FE_8939717/Info.plist;
				LD_RUNPATH_SEARCH_PATHS = (
					"$(inherited)",
					"@executable_path/Frameworks",
				);
				PRODUCT_BUNDLE_IDENTIFIER = "Conestoga.Muhammad-Siddiqui-FE-8939717";
				PRODUCT_NAME = "$(TARGET_NAME)";
				SWIFT_VERSION = 5.0;
				TARGETED_DEVICE_FAMILY = "1,2";
			};
			name = Debug;
		};
		105C4C122A82C9E40087F36F /* Release */ = {
			isa = XCBuildConfiguration;
			buildSettings = {
				ASSETCATALOG_COMPILER_APPICON_NAME = AppIcon;
				ASSETCATALOG_COMPILER_GLOBAL_ACCENT_COLOR_NAME = AccentColor;
				CODE_SIGN_STYLE = Automatic;
				INFOPLIST_FILE = Muhammad_Siddiqui_FE_8939717/Info.plist;
				LD_RUNPATH_SEARCH_PATHS = (
					"$(inherited)",
					"@executable_path/Frameworks",
				);
				PRODUCT_BUNDLE_IDENTIFIER = "Conestoga.Muhammad-Siddiqui-FE-8939717";
				PRODUCT_NAME = "$(TARGET_NAME)";
				SWIFT_VERSION = 5.0;
				TARGETED_DEVICE_FAMILY = "1,2";
			};
			name = Release;
		};
/* End XCBuildConfiguration section */

/* Begin XCConfigurationList section */
		105C4BF42A82C9E30087F36F /* Build configuration list for PBXProject "Muhammad_Siddiqui_FE_8939717" */ = {
			isa = XCConfigurationList;
			buildConfigurations = (
				105C4C0E2A82C9E40087F36F /* Debug */,
				105C4C0F2A82C9E40087F36F /* Release */,
			);
			defaultConfigurationIsVisible = 0;
			defaultConfigurationName = Release;
		};
		105C4C102A82C9E40087F36F /* Build configuration list for PBXNativeTarget "Muhammad_Siddiqui_FE_8939717" */ = {
			isa = XCConfigurationList;
			buildConfigurations = (
				105C4C112A82C9E40087F36F /* Debug */,
				105C4C122A82C9E40087F36F /* Release */,
			);
			defaultConfigurationIsVisible = 0;
			defaultConfigurationName = Release;
		};
/* End XCConfigurationList section */

/* Begin XCVersionGroup section */
		105C4C052A82C9E30087F36F /* Muhammad_Siddiqui_FE_8939717.xcdatamodeld */ = {
			isa = XCVersionGroup;
			children = (
				105C4C062A82C9E30087F36F /* Muhammad_Siddiqui_FE_8939717.xcdatamodel */,
			);
			currentVersion = 105C4C062A82C9E30087F36F /* Muhammad_Siddiqui_FE_8939717.xcdatamodel */;
			path = Muhammad_Siddiqui_FE_8939717.xcdatamodeld;
			sourceTree = "<group>";
			versionGroupType = wrapper.xcdatamodel;
		};
/* End XCVersionGroup section */
	};
	rootObject = 105C4BF12A82C9E30087F36F /* Project object */;
}
